
Microsoft Visual Studio Solution File, Format Version 12.00
# Visual Studio Version 16
VisualStudioVersion = 16.0.31402.337
MinimumVisualStudioVersion = 10.0.40219.1
Project("{9A19103F-16F7-4668-BE54-9A1E7A4F7556}") = "DataStructures", "DataStructures.csproj", "{842895A2-BD25-4224-A864-B4E87A740C9F}"
EndProject
Project("{9A19103F-16F7-4668-BE54-9A1E7A4F7556}") = "TestProject2", "..\DataStructuresTests\TestProject2.csproj", "{0D3D2DA8-B40D-40B2-B68C-3F65BD42E5E3}"
EndProject
Global
	GlobalSection(SolutionConfigurationPlatforms) = preSolution
		Debug|Any CPU = Debug|Any CPU
		Debug|x64 = Debug|x64
		Release|Any CPU = Release|Any CPU
		Release|x64 = Release|x64
	EndGlobalSection
	GlobalSection(ProjectConfigurationPlatforms) = postSolution
		{842895A2-BD25-4224-A864-B4E87A740C9F}.Debug|Any CPU.ActiveCfg = Debug|Any CPU
		{842895A2-BD25-4224-A864-B4E87A740C9F}.Debug|Any CPU.Build.0 = Debug|Any CPU
		{842895A2-BD25-4224-A864-B4E87A740C9F}.Debug|x64.ActiveCfg = Debug|x64
		{842895A2-BD25-4224-A864-B4E87A740C9F}.Debug|x64.Build.0 = Debug|x64
		{842895A2-BD25-4224-A864-B4E87A740C9F}.Release|Any CPU.ActiveCfg = Release|Any CPU
		{842895A2-BD25-4224-A864-B4E87A740C9F}.Release|Any CPU.Build.0 = Release|Any CPU
		{842895A2-BD25-4224-A864-B4E87A740C9F}.Release|x64.ActiveCfg = Release|x64
		{842895A2-BD25-4224-A864-B4E87A740C9F}.Release|x64.Build.0 = Release|x64
		{0D3D2DA8-B40D-40B2-B68C-3F65BD42E5E3}.Debug|Any CPU.ActiveCfg = Debug|Any CPU
		{0D3D2DA8-B40D-40B2-B68C-3F65BD42E5E3}.Debug|Any CPU.Build.0 = Debug|Any CPU
		{0D3D2DA8-B40D-40B2-B68C-3F65BD42E5E3}.Debug|x64.ActiveCfg = Debug|Any CPU
		{0D3D2DA8-B40D-40B2-B68C-3F65BD42E5E3}.Debug|x64.Build.0 = Debug|Any CPU
		{0D3D2DA8-B40D-40B2-B68C-3F65BD42E5E3}.Release|Any CPU.ActiveCfg = Release|Any CPU
		{0D3D2DA8-B40D-40B2-B68C-3F65BD42E5E3}.Release|Any CPU.Build.0 = Release|Any CPU
		{0D3D2DA8-B40D-40B2-B68C-3F65BD42E5E3}.Release|x64.ActiveCfg = Release|Any CPU
		{0D3D2DA8-B40D-40B2-B68C-3F65BD42E5E3}.Release|x64.Build.0 = Release|Any CPU
	EndGlobalSection
	GlobalSection(SolutionProperties) = preSolution
		HideSolutionNode = FALSE
	EndGlobalSection
	GlobalSection(ExtensibilityGlobals) = postSolution
		SolutionGuid = {ECA3CAFC-7DA2-4A1D-9DD2-F42DB9F1BFCE}
	EndGlobalSection
EndGlobal
