
Microsoft Visual Studio Solution File, Format Version 12.00
# Visual Studio Version 16
VisualStudioVersion = 16.0.31402.337
MinimumVisualStudioVersion = 10.0.40219.1
Project("{FAE04EC0-301F-11D3-BF4B-00C04F79EFBC}") = "DataStructures", "DataStructures.csproj", "{842895A2-BD25-4224-A864-B4E87A740C9F}"
EndProject
Global
	GlobalSection(SolutionConfigurationPlatforms) = preSolution
		Debug|Any CPU = Debug|Any CPU
		Release|Any CPU = Release|Any CPU
	EndGlobalSection
	GlobalSection(ProjectConfigurationPlatforms) = postSolution
		{842895A2-BD25-4224-A864-B4E87A740C9F}.Debug|Any CPU.ActiveCfg = Debug|Any CPU
		{842895A2-BD25-4224-A864-B4E87A740C9F}.Debug|Any CPU.Build.0 = Debug|Any CPU
		{842895A2-BD25-4224-A864-B4E87A740C9F}.Release|Any CPU.ActiveCfg = Release|Any CPU
		{842895A2-BD25-4224-A864-B4E87A740C9F}.Release|Any CPU.Build.0 = Release|Any CPU
	EndGlobalSection
	GlobalSection(SolutionProperties) = preSolution
		HideSolutionNode = FALSE
	EndGlobalSection
	GlobalSection(ExtensibilityGlobals) = postSolution
		SolutionGuid = {ECA3CAFC-7DA2-4A1D-9DD2-F42DB9F1BFCE}
	EndGlobalSection
EndGlobal
